
Microsoft Visual Studio Solution File, Format Version 12.00
# Visual Studio Version 17
VisualStudioVersion = 17.0.31903.59
MinimumVisualStudioVersion = 10.0.40219.1
Project("{9A19103F-16F7-4668-BE54-9A1E7A4F7556}") = "GameScoreAPI.Domain", "GameScoreAPI.Domain\GameScoreAPI.Domain.csproj", "{1E3399CA-F3C9-49C0-9332-4E92BFE6DDEC}"
EndProject
Project("{9A19103F-16F7-4668-BE54-9A1E7A4F7556}") = "GameScoreAPI.Application", "GameScoreAPI.Application\GameScoreAPI.Application.csproj", "{EFDE030A-B9AF-4231-A532-FC6C304A4F46}"
EndProject
Project("{9A19103F-16F7-4668-BE54-9A1E7A4F7556}") = "GameScoreAPI.Infrastructure", "GameScoreAPI.Infrastructure\GameScoreAPI.Infrastructure.csproj", "{9F723593-2174-4359-983E-57EAFA2339C4}"
EndProject
Project("{9A19103F-16F7-4668-BE54-9A1E7A4F7556}") = "GameScoreAPI.API", "GameScoreAPI.API\GameScoreAPI.API.csproj", "{4C1C1D7B-4192-4801-B025-C8AF25A14A4A}"
EndProject
Project("{9A19103F-16F7-4668-BE54-9A1E7A4F7556}") = "GameScoreAPI.Persistence", "GameScoreAPI.Persistence\GameScoreAPI.Persistence.csproj", "{11C4CE27-D8C8-4393-8ABA-0476AAA00FA2}"
EndProject
Global
	GlobalSection(SolutionConfigurationPlatforms) = preSolution
		Debug|Any CPU = Debug|Any CPU
		Release|Any CPU = Release|Any CPU
	EndGlobalSection
	GlobalSection(ProjectConfigurationPlatforms) = postSolution
		{1E3399CA-F3C9-49C0-9332-4E92BFE6DDEC}.Debug|Any CPU.ActiveCfg = Debug|Any CPU
		{1E3399CA-F3C9-49C0-9332-4E92BFE6DDEC}.Debug|Any CPU.Build.0 = Debug|Any CPU
		{1E3399CA-F3C9-49C0-9332-4E92BFE6DDEC}.Release|Any CPU.ActiveCfg = Release|Any CPU
		{1E3399CA-F3C9-49C0-9332-4E92BFE6DDEC}.Release|Any CPU.Build.0 = Release|Any CPU
		{EFDE030A-B9AF-4231-A532-FC6C304A4F46}.Debug|Any CPU.ActiveCfg = Debug|Any CPU
		{EFDE030A-B9AF-4231-A532-FC6C304A4F46}.Debug|Any CPU.Build.0 = Debug|Any CPU
		{EFDE030A-B9AF-4231-A532-FC6C304A4F46}.Release|Any CPU.ActiveCfg = Release|Any CPU
		{EFDE030A-B9AF-4231-A532-FC6C304A4F46}.Release|Any CPU.Build.0 = Release|Any CPU
		{9F723593-2174-4359-983E-57EAFA2339C4}.Debug|Any CPU.ActiveCfg = Debug|Any CPU
		{9F723593-2174-4359-983E-57EAFA2339C4}.Debug|Any CPU.Build.0 = Debug|Any CPU
		{9F723593-2174-4359-983E-57EAFA2339C4}.Release|Any CPU.ActiveCfg = Release|Any CPU
		{9F723593-2174-4359-983E-57EAFA2339C4}.Release|Any CPU.Build.0 = Release|Any CPU
		{4C1C1D7B-4192-4801-B025-C8AF25A14A4A}.Debug|Any CPU.ActiveCfg = Debug|Any CPU
		{4C1C1D7B-4192-4801-B025-C8AF25A14A4A}.Debug|Any CPU.Build.0 = Debug|Any CPU
		{4C1C1D7B-4192-4801-B025-C8AF25A14A4A}.Release|Any CPU.ActiveCfg = Release|Any CPU
		{4C1C1D7B-4192-4801-B025-C8AF25A14A4A}.Release|Any CPU.Build.0 = Release|Any CPU
		{11C4CE27-D8C8-4393-8ABA-0476AAA00FA2}.Debug|Any CPU.ActiveCfg = Debug|Any CPU
		{11C4CE27-D8C8-4393-8ABA-0476AAA00FA2}.Debug|Any CPU.Build.0 = Debug|Any CPU
		{11C4CE27-D8C8-4393-8ABA-0476AAA00FA2}.Release|Any CPU.ActiveCfg = Release|Any CPU
		{11C4CE27-D8C8-4393-8ABA-0476AAA00FA2}.Release|Any CPU.Build.0 = Release|Any CPU
	EndGlobalSection
	GlobalSection(SolutionProperties) = preSolution
		HideSolutionNode = FALSE
	EndGlobalSection
EndGlobal
